<?xml version="1.0" encoding="utf-8"?>
<Project ToolsVersion="4.0" xmlns="http://schemas.microsoft.com/developer/msbuild/2003">
  <ItemGroup>
    <Filter Include="Source Files">
      <UniqueIdentifier>{4FC737F1-C7A5-4376-A066-2A32D752A2FF}</UniqueIdentifier>
      <Extensions>cpp;c;cc;cxx;def;odl;idl;hpj;bat;asm;asmx</Extensions>
    </Filter>
    <Filter Include="Header Files">
      <UniqueIdentifier>{93995380-89BD-4b04-88EB-625FBE52EBFB}</UniqueIdentifier>
      <Extensions>h;hpp;hxx;hm;inl;inc;xsd</Extensions>
    </Filter>
    <Filter Include="Resource Files">
      <UniqueIdentifier>{67DA6AB6-F800-4c08-8B7A-83BB121AAD01}</UniqueIdentifier>
      <Extensions>rc;ico;cur;bmp;dlg;rc2;rct;bin;rgs;gif;jpg;jpeg;jpe;resx;tiff;tif;png;wav;mfcribbon-ms</Extensions>
    </Filter>
    <Filter Include="Source Files\Graphics">
      <UniqueIdentifier>{f601e5d9-3d85-40bd-8dd4-d3f77d397e7a}</UniqueIdentifier>
    </Filter>
  </ItemGroup>
  <ItemGroup>
    <ClCompile Include="main.cpp">
      <Filter>Source Files</Filter>
    </ClCompile>
    <ClCompile Include="CMUgraphicsLib\auxil.cpp">
      <Filter>Source Files\Graphics</Filter>
    </ClCompile>
    <ClCompile Include="CMUgraphicsLib\CMUgraphics.cpp">
      <Filter>Source Files\Graphics</Filter>
    </ClCompile>
    <ClCompile Include="CMUgraphicsLib\colors.cpp">
      <Filter>Source Files\Graphics</Filter>
    </ClCompile>
    <ClCompile Include="CMUgraphicsLib\image.cpp">
      <Filter>Source Files\Graphics</Filter>
    </ClCompile>
    <ClCompile Include="CMUgraphicsLib\jcomapi.c">
      <Filter>Source Files\Graphics</Filter>
    </ClCompile>
    <ClCompile Include="CMUgraphicsLib\jcparam.c">
      <Filter>Source Files\Graphics</Filter>
    </ClCompile>
    <ClCompile Include="CMUgraphicsLib\jdapimin.c">
      <Filter>Source Files\Graphics</Filter>
    </ClCompile>
    <ClCompile Include="CMUgraphicsLib\jdapistd.c">
      <Filter>Source Files\Graphics</Filter>
    </ClCompile>
    <ClCompile Include="CMUgraphicsLib\jdatasrc.c">
      <Filter>Source Files\Graphics</Filter>
    </ClCompile>
    <ClCompile Include="CMUgraphicsLib\jdcoefct.c">
      <Filter>Source Files\Graphics</Filter>
    </ClCompile>
    <ClCompile Include="CMUgraphicsLib\jdcolor.c">
      <Filter>Source Files\Graphics</Filter>
    </ClCompile>
    <ClCompile Include="CMUgraphicsLib\jddctmgr.c">
      <Filter>Source Files\Graphics</Filter>
    </ClCompile>
    <ClCompile Include="CMUgraphicsLib\jdhuff.c">
      <Filter>Source Files\Graphics</Filter>
    </ClCompile>
    <ClCompile Include="CMUgraphicsLib\jdinput.c">
      <Filter>Source Files\Graphics</Filter>
    </ClCompile>
    <ClCompile Include="CMUgraphicsLib\jdmainct.c">
      <Filter>Source Files\Graphics</Filter>
    </ClCompile>
    <ClCompile Include="CMUgraphicsLib\jdmarker.c">
      <Filter>Source Files\Graphics</Filter>
    </ClCompile>
    <ClCompile Include="CMUgraphicsLib\jdmaster.c">
      <Filter>Source Files\Graphics</Filter>
    </ClCompile>
    <ClCompile Include="CMUgraphicsLib\jdmerge.c">
      <Filter>Source Files\Graphics</Filter>
    </ClCompile>
    <ClCompile Include="CMUgraphicsLib\jdphuff.c">
      <Filter>Source Files\Graphics</Filter>
    </ClCompile>
    <ClCompile Include="CMUgraphicsLib\jdpostct.c">
      <Filter>Source Files\Graphics</Filter>
    </ClCompile>
    <ClCompile Include="CMUgraphicsLib\jdsample.c">
      <Filter>Source Files\Graphics</Filter>
    </ClCompile>
    <ClCompile Include="CMUgraphicsLib\jdtrans.c">
      <Filter>Source Files\Graphics</Filter>
    </ClCompile>
    <ClCompile Include="CMUgraphicsLib\jerror.c">
      <Filter>Source Files\Graphics</Filter>
    </ClCompile>
    <ClCompile Include="CMUgraphicsLib\jidctflt.c">
      <Filter>Source Files\Graphics</Filter>
    </ClCompile>
    <ClCompile Include="CMUgraphicsLib\jidctfst.c">
      <Filter>Source Files\Graphics</Filter>
    </ClCompile>
    <ClCompile Include="CMUgraphicsLib\jidctint.c">
      <Filter>Source Files\Graphics</Filter>
    </ClCompile>
    <ClCompile Include="CMUgraphicsLib\jidctred.c">
      <Filter>Source Files\Graphics</Filter>
    </ClCompile>
    <ClCompile Include="CMUgraphicsLib\jmemmgr.c">
      <Filter>Source Files\Graphics</Filter>
    </ClCompile>
    <ClCompile Include="CMUgraphicsLib\jmemnobs.c">
      <Filter>Source Files\Graphics</Filter>
    </ClCompile>
    <ClCompile Include="CMUgraphicsLib\jpegload.c">
      <Filter>Source Files\Graphics</Filter>
    </ClCompile>
    <ClCompile Include="CMUgraphicsLib\jquant1.c">
      <Filter>Source Files\Graphics</Filter>
    </ClCompile>
    <ClCompile Include="CMUgraphicsLib\jquant2.c">
      <Filter>Source Files\Graphics</Filter>
    </ClCompile>
    <ClCompile Include="CMUgraphicsLib\jutils.c">
      <Filter>Source Files\Graphics</Filter>
    </ClCompile>
    <ClCompile Include="CMUgraphicsLib\keyqueue.cpp">
      <Filter>Source Files\Graphics</Filter>
    </ClCompile>
    <ClCompile Include="CMUgraphicsLib\mousequeue.cpp">
      <Filter>Source Files\Graphics</Filter>
    </ClCompile>
    <ClCompile Include="CMUgraphicsLib\windowinput.cpp">
      <Filter>Source Files\Graphics</Filter>
    </ClCompile>
  </ItemGroup>
  <ItemGroup>
    <ClInclude Include="CMUgraphicsLib\auxil.h">
      <Filter>Source Files\Graphics</Filter>
    </ClInclude>
    <ClInclude Include="CMUgraphicsLib\CMUgraphics.h">
      <Filter>Source Files\Graphics</Filter>
    </ClInclude>
    <ClInclude Include="CMUgraphicsLib\colors.h">
      <Filter>Source Files\Graphics</Filter>
    </ClInclude>
    <ClInclude Include="CMUgraphicsLib\error.h">
      <Filter>Source Files\Graphics</Filter>
    </ClInclude>
    <ClInclude Include="CMUgraphicsLib\image.h">
      <Filter>Source Files\Graphics</Filter>
    </ClInclude>
    <ClInclude Include="CMUgraphicsLib\jconfig.h">
      <Filter>Source Files\Graphics</Filter>
    </ClInclude>
    <ClInclude Include="CMUgraphicsLib\jdct.h">
      <Filter>Source Files\Graphics</Filter>
    </ClInclude>
    <ClInclude Include="CMUgraphicsLib\jdhuff.h">
      <Filter>Source Files\Graphics</Filter>
    </ClInclude>
    <ClInclude Include="CMUgraphicsLib\jerror.h">
      <Filter>Source Files\Graphics</Filter>
    </ClInclude>
    <ClInclude Include="CMUgraphicsLib\jinclude.h">
      <Filter>Source Files\Graphics</Filter>
    </ClInclude>
    <ClInclude Include="CMUgraphicsLib\jmemsys.h">
      <Filter>Source Files\Graphics</Filter>
    </ClInclude>
    <ClInclude Include="CMUgraphicsLib\jmorecfg.h">
      <Filter>Source Files\Graphics</Filter>
    </ClInclude>
    <ClInclude Include="CMUgraphicsLib\jpegint.h">
      <Filter>Source Files\Graphics</Filter>
    </ClInclude>
    <ClInclude Include="CMUgraphicsLib\jpeglib.h">
      <Filter>Source Files\Graphics</Filter>
    </ClInclude>
    <ClInclude Include="CMUgraphicsLib\jpegload.h">
      <Filter>Source Files\Graphics</Filter>
    </ClInclude>
    <ClInclude Include="CMUgraphicsLib\jversion.h">
      <Filter>Source Files\Graphics</Filter>
    </ClInclude>
    <ClInclude Include="CMUgraphicsLib\keyqueue.h">
      <Filter>Source Files\Graphics</Filter>
    </ClInclude>
    <ClInclude Include="CMUgraphicsLib\mousequeue.h">
      <Filter>Source Files\Graphics</Filter>
    </ClInclude>
    <ClInclude Include="CMUgraphicsLib\version.h">
      <Filter>Source Files\Graphics</Filter>
    </ClInclude>
    <ClInclude Include="CMUgraphicsLib\windowinput.h">
      <Filter>Source Files\Graphics</Filter>
    </ClInclude>
  </ItemGroup>
  <ItemGroup>
    <None Include="Picture1.jpg">
      <Filter>Source Files</Filter>
    </None>
    <None Include="Title Screen.jpg">
      <Filter>Source Files</Filter>
    </None>
    <None Include="Leaderboards Screen.jpg">
      <Filter>Source Files</Filter>
    </None>
  </ItemGroup>
</Project>